
Microsoft Visual Studio Solution File, Format Version 12.00
# Visual Studio Version 17
VisualStudioVersion = 17.1.32210.238
MinimumVisualStudioVersion = 10.0.40219.1
Project("{FAE04EC0-301F-11D3-BF4B-00C04F79EFBC}") = "AlexanderMQTTClient", "AlexanderMQTTClient\AlexanderMQTTClient.csproj", "{A0A91E27-EE45-4DAD-92DB-AF3BF53E98AD}"
EndProject
Global
	GlobalSection(SolutionConfigurationPlatforms) = preSolution
		Debug|Any CPU = Debug|Any CPU
		Release|Any CPU = Release|Any CPU
	EndGlobalSection
	GlobalSection(ProjectConfigurationPlatforms) = postSolution
		{A0A91E27-EE45-4DAD-92DB-AF3BF53E98AD}.Debug|Any CPU.ActiveCfg = Debug|Any CPU
		{A0A91E27-EE45-4DAD-92DB-AF3BF53E98AD}.Debug|Any CPU.Build.0 = Debug|Any CPU
		{A0A91E27-EE45-4DAD-92DB-AF3BF53E98AD}.Release|Any CPU.ActiveCfg = Release|Any CPU
		{A0A91E27-EE45-4DAD-92DB-AF3BF53E98AD}.Release|Any CPU.Build.0 = Release|Any CPU
	EndGlobalSection
	GlobalSection(SolutionProperties) = preSolution
		HideSolutionNode = FALSE
	EndGlobalSection
	GlobalSection(ExtensibilityGlobals) = postSolution
		SolutionGuid = {FFE95DAC-3015-4841-BF0A-15A961EB390B}
	EndGlobalSection
EndGlobal
